
Microsoft Visual Studio Solution File, Format Version 12.00
# Visual Studio 14
VisualStudioVersion = 14.0.25420.1
MinimumVisualStudioVersion = 10.0.40219.1
Project("{2150E333-8FDC-42A3-9474-1A3956D46DE8}") = "03-WebFrame", "03-WebFrame", "{AC913D13-F586-48D9-9670-F3CA8FB4818B}"
EndProject
Project("{2150E333-8FDC-42A3-9474-1A3956D46DE8}") = "02-Plug-ins", "02-Plug-ins", "{535F3723-93CB-48E6-BF49-1B8F85C0462E}"
EndProject
Project("{2150E333-8FDC-42A3-9474-1A3956D46DE8}") = "04-WebUI", "04-WebUI", "{5DC6028A-B180-4067-A07E-E165164E3B79}"
EndProject
Project("{2150E333-8FDC-42A3-9474-1A3956D46DE8}") = "00-Docs", "00-Docs", "{15E022D7-E4BE-4A99-956E-CC57043DDC85}"
EndProject
Project("{2150E333-8FDC-42A3-9474-1A3956D46DE8}") = "05-Tests", "05-Tests", "{08E8FD2C-C0CA-4D18-BEB0-633310558755}"
EndProject
Project("{FAE04EC0-301F-11D3-BF4B-00C04F79EFBC}") = "Jurassic.GeoBank", "Jurassic.GeoBank\Jurassic.GeoBank.csproj", "{98AD9EE4-6FC5-4779-8F97-F823AD64882F}"
EndProject
Project("{FAE04EC0-301F-11D3-BF4B-00C04F79EFBC}") = "Jurassic.GeoBank.Services", "Jurassic.GeoBank.Services\Jurassic.GeoBank.Services.csproj", "{F0192053-3307-47E3-8A37-752CA8277067}"
EndProject
Project("{FAE04EC0-301F-11D3-BF4B-00C04F79EFBC}") = "Jurassic.GeoBank.Test", "Jurassic.GeoBank.Test\Jurassic.GeoBank.Test.csproj", "{5C7C16B3-1940-4CCF-93CD-9D7C41E5E1E3}"
EndProject
Project("{FAE04EC0-301F-11D3-BF4B-00C04F79EFBC}") = "Jurassic.GeoBank.Interface", "Jurassic.GeoBank.Interface\Jurassic.GeoBank.Interface.csproj", "{4E1CFEB8-9BB7-4817-9FB2-1674E7623B9C}"
EndProject
Project("{2150E333-8FDC-42A3-9474-1A3956D46DE8}") = "01-Base", "01-Base", "{F757B550-0D3F-4DEF-9133-86505A7B7F92}"
EndProject
Project("{FAE04EC0-301F-11D3-BF4B-00C04F79EFBC}") = "Jurassic.GeoBank.Models", "Jurassic.GeoBank.Models\Jurassic.GeoBank.Models.csproj", "{F4D21762-7DD7-4ECB-AEC2-AC1824BCC87B}"
EndProject
Project("{FAE04EC0-301F-11D3-BF4B-00C04F79EFBC}") = "Jurassic.WebBankExt", "Jurassic.WebBankExt\Jurassic.WebBankExt.csproj", "{F98A5241-36A7-493D-9118-C2355F772DC2}"
EndProject
Project("{FAE04EC0-301F-11D3-BF4B-00C04F79EFBC}") = "Jurassic.AppCenter.Core", "..\..\..\..\公用组件库\dotNet\公司统一框架\v3.0\Branch\知识管理\Code\Jurassic.AppCenter.Core\Jurassic.AppCenter.Core.csproj", "{333D850B-CF34-4466-B35D-EACC64E53D2C}"
EndProject
Project("{FAE04EC0-301F-11D3-BF4B-00C04F79EFBC}") = "Jurassic.Com", "..\..\..\..\公用组件库\dotNet\公司统一框架\v3.0\Branch\知识管理\Code\Jurassic.Com\Jurassic.Com.csproj", "{DE9BA8DC-B7C3-4D8F-B2B0-38BBDFC16069}"
EndProject
Project("{FAE04EC0-301F-11D3-BF4B-00C04F79EFBC}") = "Jurassic.CommonModels", "..\..\..\..\公用组件库\dotNet\公司统一框架\v3.0\Branch\知识管理\Code\Jurassic.CommonModels\Jurassic.CommonModels.csproj", "{B9398E83-A02A-4CB8-9821-132FC12B9ACA}"
EndProject
Project("{FAE04EC0-301F-11D3-BF4B-00C04F79EFBC}") = "Jurassic.Log4", "..\..\..\..\公用组件库\dotNet\公司统一框架\v3.0\Branch\知识管理\Code\Jurassic.Log4\Jurassic.Log4.csproj", "{2D531F7A-393D-4F8A-A3AB-1AC0831DF613}"
EndProject
Project("{FAE04EC0-301F-11D3-BF4B-00C04F79EFBC}") = "Jurassic.MongoDb", "..\..\..\..\公用组件库\dotNet\公司统一框架\v3.0\Branch\知识管理\Code\Jurassic.MongoDb\Jurassic.MongoDb.csproj", "{53519D7A-A76E-40CD-8293-CA4DA9F9F37A}"
EndProject
Project("{FAE04EC0-301F-11D3-BF4B-00C04F79EFBC}") = "Jurassic.CommonModels.EFProvider", "..\..\..\..\公用组件库\dotNet\公司统一框架\v3.0\Branch\知识管理\Code\Jurassic.CommonModels.EFProvider\Jurassic.CommonModels.EFProvider.csproj", "{A35478B0-7A8F-4DD4-A93F-9A346E897F13}"
EndProject
Project("{FAE04EC0-301F-11D3-BF4B-00C04F79EFBC}") = "Jurassic.Com.OfficeLib", "..\..\..\..\公用组件库\dotNet\公司统一框架\v3.0\Branch\知识管理\Code\Jurassic.Com.OfficeLib\Jurassic.Com.OfficeLib.csproj", "{C696B0FD-9B1C-4542-8530-DC9938F66A6B}"
EndProject
Project("{FAE04EC0-301F-11D3-BF4B-00C04F79EFBC}") = "Jurassic.WebFrame", "..\..\..\..\公用组件库\dotNet\公司统一框架\v3.0\Branch\知识管理\Code\Jurassic.WebFrame\Jurassic.WebFrame.csproj", "{6B411224-AD4D-4372-8EA0-A5F4F7838A0B}"
EndProject
Project("{FAE04EC0-301F-11D3-BF4B-00C04F79EFBC}") = "Jurassic.WebHtmlEditor", "..\..\..\..\公用组件库\dotNet\公司统一框架\v3.0\Branch\知识管理\Code\Jurassic.WebHtmlEditor\Jurassic.WebHtmlEditor.csproj", "{1FD84926-A798-496C-B672-06B2BB82550D}"
EndProject
Project("{FAE04EC0-301F-11D3-BF4B-00C04F79EFBC}") = "Jurassic.WebQuery", "..\..\..\..\公用组件库\dotNet\公司统一框架\v3.0\Branch\知识管理\Code\Jurassic.WebQuery\Jurassic.WebQuery.csproj", "{6BC31D44-C603-4565-A942-C25EA82325AE}"
EndProject
Project("{FAE04EC0-301F-11D3-BF4B-00C04F79EFBC}") = "Jurassic.WebUpload", "..\..\..\..\公用组件库\dotNet\公司统一框架\v3.0\Branch\知识管理\Code\Jurassic.WebUpload\Jurassic.WebUpload.csproj", "{22CED720-7CCA-4FA7-8660-6189D0FCD853}"
EndProject
Project("{FAE04EC0-301F-11D3-BF4B-00C04F79EFBC}") = "Jurassic.WebSchedule", "..\..\..\..\公用组件库\dotNet\公司统一框架\v3.0\Branch\知识管理\Code\Jurassic.WebSchedule\Jurassic.WebSchedule.csproj", "{B9291A61-BD5F-44F0-A243-EB6C8053D033}"
EndProject
Project("{FAE04EC0-301F-11D3-BF4B-00C04F79EFBC}") = "Jurassic.WebApi", "..\..\..\..\公用组件库\dotNet\公司统一框架\v3.0\Branch\知识管理\Code\Jurassic.WebApi\Jurassic.WebApi.csproj", "{D6FFFD91-DCD8-4884-82EC-79AF02577E97}"
EndProject
Project("{FAE04EC0-301F-11D3-BF4B-00C04F79EFBC}") = "Jurassic.WebRepeater", "..\..\..\..\公用组件库\dotNet\公司统一框架\v3.0\Branch\知识管理\Code\Jurassic.WebRepeater\Jurassic.WebRepeater.csproj", "{60126A19-6261-41B1-A1CD-5F47D075E595}"
EndProject
Global
	GlobalSection(SolutionConfigurationPlatforms) = preSolution
		Debug|Any CPU = Debug|Any CPU
		NET40|Any CPU = NET40|Any CPU
		Release|Any CPU = Release|Any CPU
	EndGlobalSection
	GlobalSection(ProjectConfigurationPlatforms) = postSolution
		{98AD9EE4-6FC5-4779-8F97-F823AD64882F}.Debug|Any CPU.ActiveCfg = Debug|Any CPU
		{98AD9EE4-6FC5-4779-8F97-F823AD64882F}.Debug|Any CPU.Build.0 = Debug|Any CPU
		{98AD9EE4-6FC5-4779-8F97-F823AD64882F}.NET40|Any CPU.ActiveCfg = Release|Any CPU
		{98AD9EE4-6FC5-4779-8F97-F823AD64882F}.NET40|Any CPU.Build.0 = Release|Any CPU
		{98AD9EE4-6FC5-4779-8F97-F823AD64882F}.Release|Any CPU.ActiveCfg = Release|Any CPU
		{98AD9EE4-6FC5-4779-8F97-F823AD64882F}.Release|Any CPU.Build.0 = Release|Any CPU
		{F0192053-3307-47E3-8A37-752CA8277067}.Debug|Any CPU.ActiveCfg = Debug|Any CPU
		{F0192053-3307-47E3-8A37-752CA8277067}.Debug|Any CPU.Build.0 = Debug|Any CPU
		{F0192053-3307-47E3-8A37-752CA8277067}.NET40|Any CPU.ActiveCfg = Release|Any CPU
		{F0192053-3307-47E3-8A37-752CA8277067}.NET40|Any CPU.Build.0 = Release|Any CPU
		{F0192053-3307-47E3-8A37-752CA8277067}.Release|Any CPU.ActiveCfg = Release|Any CPU
		{F0192053-3307-47E3-8A37-752CA8277067}.Release|Any CPU.Build.0 = Release|Any CPU
		{5C7C16B3-1940-4CCF-93CD-9D7C41E5E1E3}.Debug|Any CPU.ActiveCfg = Debug|Any CPU
		{5C7C16B3-1940-4CCF-93CD-9D7C41E5E1E3}.Debug|Any CPU.Build.0 = Debug|Any CPU
		{5C7C16B3-1940-4CCF-93CD-9D7C41E5E1E3}.NET40|Any CPU.ActiveCfg = Release|Any CPU
		{5C7C16B3-1940-4CCF-93CD-9D7C41E5E1E3}.NET40|Any CPU.Build.0 = Release|Any CPU
		{5C7C16B3-1940-4CCF-93CD-9D7C41E5E1E3}.Release|Any CPU.ActiveCfg = Release|Any CPU
		{5C7C16B3-1940-4CCF-93CD-9D7C41E5E1E3}.Release|Any CPU.Build.0 = Release|Any CPU
		{4E1CFEB8-9BB7-4817-9FB2-1674E7623B9C}.Debug|Any CPU.ActiveCfg = Debug|Any CPU
		{4E1CFEB8-9BB7-4817-9FB2-1674E7623B9C}.Debug|Any CPU.Build.0 = Debug|Any CPU
		{4E1CFEB8-9BB7-4817-9FB2-1674E7623B9C}.NET40|Any CPU.ActiveCfg = Release|Any CPU
		{4E1CFEB8-9BB7-4817-9FB2-1674E7623B9C}.NET40|Any CPU.Build.0 = Release|Any CPU
		{4E1CFEB8-9BB7-4817-9FB2-1674E7623B9C}.Release|Any CPU.ActiveCfg = Release|Any CPU
		{4E1CFEB8-9BB7-4817-9FB2-1674E7623B9C}.Release|Any CPU.Build.0 = Release|Any CPU
		{F4D21762-7DD7-4ECB-AEC2-AC1824BCC87B}.Debug|Any CPU.ActiveCfg = Debug|Any CPU
		{F4D21762-7DD7-4ECB-AEC2-AC1824BCC87B}.Debug|Any CPU.Build.0 = Debug|Any CPU
		{F4D21762-7DD7-4ECB-AEC2-AC1824BCC87B}.NET40|Any CPU.ActiveCfg = Release|Any CPU
		{F4D21762-7DD7-4ECB-AEC2-AC1824BCC87B}.NET40|Any CPU.Build.0 = Release|Any CPU
		{F4D21762-7DD7-4ECB-AEC2-AC1824BCC87B}.Release|Any CPU.ActiveCfg = Release|Any CPU
		{F4D21762-7DD7-4ECB-AEC2-AC1824BCC87B}.Release|Any CPU.Build.0 = Release|Any CPU
		{F98A5241-36A7-493D-9118-C2355F772DC2}.Debug|Any CPU.ActiveCfg = Debug|Any CPU
		{F98A5241-36A7-493D-9118-C2355F772DC2}.Debug|Any CPU.Build.0 = Debug|Any CPU
		{F98A5241-36A7-493D-9118-C2355F772DC2}.NET40|Any CPU.ActiveCfg = Release|Any CPU
		{F98A5241-36A7-493D-9118-C2355F772DC2}.NET40|Any CPU.Build.0 = Release|Any CPU
		{F98A5241-36A7-493D-9118-C2355F772DC2}.Release|Any CPU.ActiveCfg = Release|Any CPU
		{F98A5241-36A7-493D-9118-C2355F772DC2}.Release|Any CPU.Build.0 = Release|Any CPU
		{333D850B-CF34-4466-B35D-EACC64E53D2C}.Debug|Any CPU.ActiveCfg = Debug|Any CPU
		{333D850B-CF34-4466-B35D-EACC64E53D2C}.Debug|Any CPU.Build.0 = Debug|Any CPU
		{333D850B-CF34-4466-B35D-EACC64E53D2C}.NET40|Any CPU.ActiveCfg = Release|Any CPU
		{333D850B-CF34-4466-B35D-EACC64E53D2C}.NET40|Any CPU.Build.0 = Release|Any CPU
		{333D850B-CF34-4466-B35D-EACC64E53D2C}.Release|Any CPU.ActiveCfg = Release|Any CPU
		{333D850B-CF34-4466-B35D-EACC64E53D2C}.Release|Any CPU.Build.0 = Release|Any CPU
		{DE9BA8DC-B7C3-4D8F-B2B0-38BBDFC16069}.Debug|Any CPU.ActiveCfg = Debug|Any CPU
		{DE9BA8DC-B7C3-4D8F-B2B0-38BBDFC16069}.Debug|Any CPU.Build.0 = Debug|Any CPU
		{DE9BA8DC-B7C3-4D8F-B2B0-38BBDFC16069}.NET40|Any CPU.ActiveCfg = Release|Any CPU
		{DE9BA8DC-B7C3-4D8F-B2B0-38BBDFC16069}.NET40|Any CPU.Build.0 = Release|Any CPU
		{DE9BA8DC-B7C3-4D8F-B2B0-38BBDFC16069}.Release|Any CPU.ActiveCfg = Release|Any CPU
		{DE9BA8DC-B7C3-4D8F-B2B0-38BBDFC16069}.Release|Any CPU.Build.0 = Release|Any CPU
		{B9398E83-A02A-4CB8-9821-132FC12B9ACA}.Debug|Any CPU.ActiveCfg = Debug|Any CPU
		{B9398E83-A02A-4CB8-9821-132FC12B9ACA}.Debug|Any CPU.Build.0 = Debug|Any CPU
		{B9398E83-A02A-4CB8-9821-132FC12B9ACA}.NET40|Any CPU.ActiveCfg = Release|Any CPU
		{B9398E83-A02A-4CB8-9821-132FC12B9ACA}.NET40|Any CPU.Build.0 = Release|Any CPU
		{B9398E83-A02A-4CB8-9821-132FC12B9ACA}.Release|Any CPU.ActiveCfg = Release|Any CPU
		{B9398E83-A02A-4CB8-9821-132FC12B9ACA}.Release|Any CPU.Build.0 = Release|Any CPU
		{2D531F7A-393D-4F8A-A3AB-1AC0831DF613}.Debug|Any CPU.ActiveCfg = Debug|Any CPU
		{2D531F7A-393D-4F8A-A3AB-1AC0831DF613}.Debug|Any CPU.Build.0 = Debug|Any CPU
		{2D531F7A-393D-4F8A-A3AB-1AC0831DF613}.NET40|Any CPU.ActiveCfg = Release|Any CPU
		{2D531F7A-393D-4F8A-A3AB-1AC0831DF613}.NET40|Any CPU.Build.0 = Release|Any CPU
		{2D531F7A-393D-4F8A-A3AB-1AC0831DF613}.Release|Any CPU.ActiveCfg = Release|Any CPU
		{2D531F7A-393D-4F8A-A3AB-1AC0831DF613}.Release|Any CPU.Build.0 = Release|Any CPU
		{53519D7A-A76E-40CD-8293-CA4DA9F9F37A}.Debug|Any CPU.ActiveCfg = Debug|Any CPU
		{53519D7A-A76E-40CD-8293-CA4DA9F9F37A}.Debug|Any CPU.Build.0 = Debug|Any CPU
		{53519D7A-A76E-40CD-8293-CA4DA9F9F37A}.NET40|Any CPU.ActiveCfg = Release|Any CPU
		{53519D7A-A76E-40CD-8293-CA4DA9F9F37A}.NET40|Any CPU.Build.0 = Release|Any CPU
		{53519D7A-A76E-40CD-8293-CA4DA9F9F37A}.Release|Any CPU.ActiveCfg = Release|Any CPU
		{53519D7A-A76E-40CD-8293-CA4DA9F9F37A}.Release|Any CPU.Build.0 = Release|Any CPU
		{A35478B0-7A8F-4DD4-A93F-9A346E897F13}.Debug|Any CPU.ActiveCfg = Debug|Any CPU
		{A35478B0-7A8F-4DD4-A93F-9A346E897F13}.Debug|Any CPU.Build.0 = Debug|Any CPU
		{A35478B0-7A8F-4DD4-A93F-9A346E897F13}.NET40|Any CPU.ActiveCfg = Release|Any CPU
		{A35478B0-7A8F-4DD4-A93F-9A346E897F13}.NET40|Any CPU.Build.0 = Release|Any CPU
		{A35478B0-7A8F-4DD4-A93F-9A346E897F13}.Release|Any CPU.ActiveCfg = Release|Any CPU
		{A35478B0-7A8F-4DD4-A93F-9A346E897F13}.Release|Any CPU.Build.0 = Release|Any CPU
		{C696B0FD-9B1C-4542-8530-DC9938F66A6B}.Debug|Any CPU.ActiveCfg = Debug|Any CPU
		{C696B0FD-9B1C-4542-8530-DC9938F66A6B}.Debug|Any CPU.Build.0 = Debug|Any CPU
		{C696B0FD-9B1C-4542-8530-DC9938F66A6B}.NET40|Any CPU.ActiveCfg = Release|Any CPU
		{C696B0FD-9B1C-4542-8530-DC9938F66A6B}.NET40|Any CPU.Build.0 = Release|Any CPU
		{C696B0FD-9B1C-4542-8530-DC9938F66A6B}.Release|Any CPU.ActiveCfg = Release|Any CPU
		{C696B0FD-9B1C-4542-8530-DC9938F66A6B}.Release|Any CPU.Build.0 = Release|Any CPU
		{6B411224-AD4D-4372-8EA0-A5F4F7838A0B}.Debug|Any CPU.ActiveCfg = Debug|Any CPU
		{6B411224-AD4D-4372-8EA0-A5F4F7838A0B}.Debug|Any CPU.Build.0 = Debug|Any CPU
		{6B411224-AD4D-4372-8EA0-A5F4F7838A0B}.NET40|Any CPU.ActiveCfg = Release|Any CPU
		{6B411224-AD4D-4372-8EA0-A5F4F7838A0B}.NET40|Any CPU.Build.0 = Release|Any CPU
		{6B411224-AD4D-4372-8EA0-A5F4F7838A0B}.Release|Any CPU.ActiveCfg = Release|Any CPU
		{6B411224-AD4D-4372-8EA0-A5F4F7838A0B}.Release|Any CPU.Build.0 = Release|Any CPU
		{1FD84926-A798-496C-B672-06B2BB82550D}.Debug|Any CPU.ActiveCfg = Debug|Any CPU
		{1FD84926-A798-496C-B672-06B2BB82550D}.Debug|Any CPU.Build.0 = Debug|Any CPU
		{1FD84926-A798-496C-B672-06B2BB82550D}.NET40|Any CPU.ActiveCfg = Release|Any CPU
		{1FD84926-A798-496C-B672-06B2BB82550D}.NET40|Any CPU.Build.0 = Release|Any CPU
		{1FD84926-A798-496C-B672-06B2BB82550D}.Release|Any CPU.ActiveCfg = Release|Any CPU
		{1FD84926-A798-496C-B672-06B2BB82550D}.Release|Any CPU.Build.0 = Release|Any CPU
		{6BC31D44-C603-4565-A942-C25EA82325AE}.Debug|Any CPU.ActiveCfg = Debug|Any CPU
		{6BC31D44-C603-4565-A942-C25EA82325AE}.Debug|Any CPU.Build.0 = Debug|Any CPU
		{6BC31D44-C603-4565-A942-C25EA82325AE}.NET40|Any CPU.ActiveCfg = Release|Any CPU
		{6BC31D44-C603-4565-A942-C25EA82325AE}.NET40|Any CPU.Build.0 = Release|Any CPU
		{6BC31D44-C603-4565-A942-C25EA82325AE}.Release|Any CPU.ActiveCfg = Release|Any CPU
		{6BC31D44-C603-4565-A942-C25EA82325AE}.Release|Any CPU.Build.0 = Release|Any CPU
		{22CED720-7CCA-4FA7-8660-6189D0FCD853}.Debug|Any CPU.ActiveCfg = Debug|Any CPU
		{22CED720-7CCA-4FA7-8660-6189D0FCD853}.Debug|Any CPU.Build.0 = Debug|Any CPU
		{22CED720-7CCA-4FA7-8660-6189D0FCD853}.NET40|Any CPU.ActiveCfg = Release|Any CPU
		{22CED720-7CCA-4FA7-8660-6189D0FCD853}.NET40|Any CPU.Build.0 = Release|Any CPU
		{22CED720-7CCA-4FA7-8660-6189D0FCD853}.Release|Any CPU.ActiveCfg = Release|Any CPU
		{22CED720-7CCA-4FA7-8660-6189D0FCD853}.Release|Any CPU.Build.0 = Release|Any CPU
		{B9291A61-BD5F-44F0-A243-EB6C8053D033}.Debug|Any CPU.ActiveCfg = Debug|Any CPU
		{B9291A61-BD5F-44F0-A243-EB6C8053D033}.Debug|Any CPU.Build.0 = Debug|Any CPU
		{B9291A61-BD5F-44F0-A243-EB6C8053D033}.NET40|Any CPU.ActiveCfg = Release|Any CPU
		{B9291A61-BD5F-44F0-A243-EB6C8053D033}.NET40|Any CPU.Build.0 = Release|Any CPU
		{B9291A61-BD5F-44F0-A243-EB6C8053D033}.Release|Any CPU.ActiveCfg = Release|Any CPU
		{B9291A61-BD5F-44F0-A243-EB6C8053D033}.Release|Any CPU.Build.0 = Release|Any CPU
		{D6FFFD91-DCD8-4884-82EC-79AF02577E97}.Debug|Any CPU.ActiveCfg = Debug|Any CPU
		{D6FFFD91-DCD8-4884-82EC-79AF02577E97}.Debug|Any CPU.Build.0 = Debug|Any CPU
		{D6FFFD91-DCD8-4884-82EC-79AF02577E97}.NET40|Any CPU.ActiveCfg = Release|Any CPU
		{D6FFFD91-DCD8-4884-82EC-79AF02577E97}.NET40|Any CPU.Build.0 = Release|Any CPU
		{D6FFFD91-DCD8-4884-82EC-79AF02577E97}.Release|Any CPU.ActiveCfg = Release|Any CPU
		{D6FFFD91-DCD8-4884-82EC-79AF02577E97}.Release|Any CPU.Build.0 = Release|Any CPU
		{60126A19-6261-41B1-A1CD-5F47D075E595}.Debug|Any CPU.ActiveCfg = Debug|Any CPU
		{60126A19-6261-41B1-A1CD-5F47D075E595}.Debug|Any CPU.Build.0 = Debug|Any CPU
		{60126A19-6261-41B1-A1CD-5F47D075E595}.NET40|Any CPU.ActiveCfg = Release|Any CPU
		{60126A19-6261-41B1-A1CD-5F47D075E595}.NET40|Any CPU.Build.0 = Release|Any CPU
		{60126A19-6261-41B1-A1CD-5F47D075E595}.Release|Any CPU.ActiveCfg = Release|Any CPU
		{60126A19-6261-41B1-A1CD-5F47D075E595}.Release|Any CPU.Build.0 = Release|Any CPU
	EndGlobalSection
	GlobalSection(SolutionProperties) = preSolution
		HideSolutionNode = FALSE
	EndGlobalSection
	GlobalSection(NestedProjects) = preSolution
		{98AD9EE4-6FC5-4779-8F97-F823AD64882F} = {5DC6028A-B180-4067-A07E-E165164E3B79}
		{F0192053-3307-47E3-8A37-752CA8277067} = {5DC6028A-B180-4067-A07E-E165164E3B79}
		{5C7C16B3-1940-4CCF-93CD-9D7C41E5E1E3} = {08E8FD2C-C0CA-4D18-BEB0-633310558755}
		{4E1CFEB8-9BB7-4817-9FB2-1674E7623B9C} = {5DC6028A-B180-4067-A07E-E165164E3B79}
		{F4D21762-7DD7-4ECB-AEC2-AC1824BCC87B} = {5DC6028A-B180-4067-A07E-E165164E3B79}
		{F98A5241-36A7-493D-9118-C2355F772DC2} = {5DC6028A-B180-4067-A07E-E165164E3B79}
		{333D850B-CF34-4466-B35D-EACC64E53D2C} = {F757B550-0D3F-4DEF-9133-86505A7B7F92}
		{DE9BA8DC-B7C3-4D8F-B2B0-38BBDFC16069} = {F757B550-0D3F-4DEF-9133-86505A7B7F92}
		{B9398E83-A02A-4CB8-9821-132FC12B9ACA} = {F757B550-0D3F-4DEF-9133-86505A7B7F92}
		{2D531F7A-393D-4F8A-A3AB-1AC0831DF613} = {535F3723-93CB-48E6-BF49-1B8F85C0462E}
		{53519D7A-A76E-40CD-8293-CA4DA9F9F37A} = {535F3723-93CB-48E6-BF49-1B8F85C0462E}
		{A35478B0-7A8F-4DD4-A93F-9A346E897F13} = {535F3723-93CB-48E6-BF49-1B8F85C0462E}
		{C696B0FD-9B1C-4542-8530-DC9938F66A6B} = {535F3723-93CB-48E6-BF49-1B8F85C0462E}
		{6B411224-AD4D-4372-8EA0-A5F4F7838A0B} = {AC913D13-F586-48D9-9670-F3CA8FB4818B}
		{1FD84926-A798-496C-B672-06B2BB82550D} = {AC913D13-F586-48D9-9670-F3CA8FB4818B}
		{6BC31D44-C603-4565-A942-C25EA82325AE} = {AC913D13-F586-48D9-9670-F3CA8FB4818B}
		{22CED720-7CCA-4FA7-8660-6189D0FCD853} = {AC913D13-F586-48D9-9670-F3CA8FB4818B}
		{B9291A61-BD5F-44F0-A243-EB6C8053D033} = {AC913D13-F586-48D9-9670-F3CA8FB4818B}
		{D6FFFD91-DCD8-4884-82EC-79AF02577E97} = {AC913D13-F586-48D9-9670-F3CA8FB4818B}
		{60126A19-6261-41B1-A1CD-5F47D075E595} = {AC913D13-F586-48D9-9670-F3CA8FB4818B}
	EndGlobalSection
	GlobalSection(SubversionScc) = preSolution
		Svn-Managed = True
		Manager = AnkhSVN - Subversion Support for Visual Studio
	EndGlobalSection
EndGlobal
